
Microsoft Visual Studio Solution File, Format Version 12.00
# Visual Studio Version 16
VisualStudioVersion = 16.0.32228.343
MinimumVisualStudioVersion = 10.0.40219.1
Project("{FAE04EC0-301F-11D3-BF4B-00C04F79EFBC}") = "apitienda", "apitienda\apitienda.csproj", "{439F009B-1634-4635-B0DF-B477386600AB}"
EndProject
Project("{FAE04EC0-301F-11D3-BF4B-00C04F79EFBC}") = "apitienda.data", "tiendaapi.data\apitienda.data.csproj", "{559F4CBA-70AC-47DF-8992-F24985A4DBCE}"
EndProject
Project("{FAE04EC0-301F-11D3-BF4B-00C04F79EFBC}") = "apitienda.modelo", "tiendaapi.model\apitienda.modelo.csproj", "{F200ACC4-C66C-446F-9186-518D81B79EE6}"
EndProject
Global
	GlobalSection(SolutionConfigurationPlatforms) = preSolution
		Debug|Any CPU = Debug|Any CPU
		Release|Any CPU = Release|Any CPU
	EndGlobalSection
	GlobalSection(ProjectConfigurationPlatforms) = postSolution
		{439F009B-1634-4635-B0DF-B477386600AB}.Debug|Any CPU.ActiveCfg = Debug|Any CPU
		{439F009B-1634-4635-B0DF-B477386600AB}.Debug|Any CPU.Build.0 = Debug|Any CPU
		{439F009B-1634-4635-B0DF-B477386600AB}.Release|Any CPU.ActiveCfg = Release|Any CPU
		{439F009B-1634-4635-B0DF-B477386600AB}.Release|Any CPU.Build.0 = Release|Any CPU
		{559F4CBA-70AC-47DF-8992-F24985A4DBCE}.Debug|Any CPU.ActiveCfg = Debug|Any CPU
		{559F4CBA-70AC-47DF-8992-F24985A4DBCE}.Debug|Any CPU.Build.0 = Debug|Any CPU
		{559F4CBA-70AC-47DF-8992-F24985A4DBCE}.Release|Any CPU.ActiveCfg = Release|Any CPU
		{559F4CBA-70AC-47DF-8992-F24985A4DBCE}.Release|Any CPU.Build.0 = Release|Any CPU
		{F200ACC4-C66C-446F-9186-518D81B79EE6}.Debug|Any CPU.ActiveCfg = Debug|Any CPU
		{F200ACC4-C66C-446F-9186-518D81B79EE6}.Debug|Any CPU.Build.0 = Debug|Any CPU
		{F200ACC4-C66C-446F-9186-518D81B79EE6}.Release|Any CPU.ActiveCfg = Release|Any CPU
		{F200ACC4-C66C-446F-9186-518D81B79EE6}.Release|Any CPU.Build.0 = Release|Any CPU
	EndGlobalSection
	GlobalSection(SolutionProperties) = preSolution
		HideSolutionNode = FALSE
	EndGlobalSection
	GlobalSection(ExtensibilityGlobals) = postSolution
		SolutionGuid = {FE91EB6B-B8A8-42F4-90FB-D38CBCCF7ADF}
	EndGlobalSection
EndGlobal
